
Microsoft Visual Studio Solution File, Format Version 12.00
# Visual Studio Version 17
VisualStudioVersion = 17.9.34607.119
MinimumVisualStudioVersion = 10.0.40219.1
Project("{FAE04EC0-301F-11D3-BF4B-00C04F79EFBC}") = "API", "E-commerceUdemy\API.csproj", "{2DEB514D-F699-430A-BEE7-3A888A59A454}"
EndProject
Project("{FAE04EC0-301F-11D3-BF4B-00C04F79EFBC}") = "Core", "Core\Core.csproj", "{FBC42607-C5AB-4EEC-A05D-5ED0DAC75CE9}"
EndProject
Project("{FAE04EC0-301F-11D3-BF4B-00C04F79EFBC}") = "Infrastructure", "Infrastructure\Infrastructure.csproj", "{F46277A7-0E95-4592-9E89-44E09896934B}"
EndProject
Project("{2150E333-8FDC-42A3-9474-1A3956D46DE8}") = "Solution Items", "Solution Items", "{33395823-ECA9-4E6A-8346-DF5299E38665}"
	ProjectSection(SolutionItems) = preProject
		docker-compose.yml = docker-compose.yml
	EndProjectSection
EndProject
Global
	GlobalSection(SolutionConfigurationPlatforms) = preSolution
		Debug|Any CPU = Debug|Any CPU
		Release|Any CPU = Release|Any CPU
	EndGlobalSection
	GlobalSection(ProjectConfigurationPlatforms) = postSolution
		{2DEB514D-F699-430A-BEE7-3A888A59A454}.Debug|Any CPU.ActiveCfg = Debug|Any CPU
		{2DEB514D-F699-430A-BEE7-3A888A59A454}.Debug|Any CPU.Build.0 = Debug|Any CPU
		{2DEB514D-F699-430A-BEE7-3A888A59A454}.Release|Any CPU.ActiveCfg = Release|Any CPU
		{2DEB514D-F699-430A-BEE7-3A888A59A454}.Release|Any CPU.Build.0 = Release|Any CPU
		{FBC42607-C5AB-4EEC-A05D-5ED0DAC75CE9}.Debug|Any CPU.ActiveCfg = Debug|Any CPU
		{FBC42607-C5AB-4EEC-A05D-5ED0DAC75CE9}.Debug|Any CPU.Build.0 = Debug|Any CPU
		{FBC42607-C5AB-4EEC-A05D-5ED0DAC75CE9}.Release|Any CPU.ActiveCfg = Release|Any CPU
		{FBC42607-C5AB-4EEC-A05D-5ED0DAC75CE9}.Release|Any CPU.Build.0 = Release|Any CPU
		{F46277A7-0E95-4592-9E89-44E09896934B}.Debug|Any CPU.ActiveCfg = Debug|Any CPU
		{F46277A7-0E95-4592-9E89-44E09896934B}.Debug|Any CPU.Build.0 = Debug|Any CPU
		{F46277A7-0E95-4592-9E89-44E09896934B}.Release|Any CPU.ActiveCfg = Release|Any CPU
		{F46277A7-0E95-4592-9E89-44E09896934B}.Release|Any CPU.Build.0 = Release|Any CPU
	EndGlobalSection
	GlobalSection(SolutionProperties) = preSolution
		HideSolutionNode = FALSE
	EndGlobalSection
	GlobalSection(ExtensibilityGlobals) = postSolution
		SolutionGuid = {4F7B9B05-9B7C-4624-BF94-51D1047B5213}
	EndGlobalSection
EndGlobal
